
Microsoft Visual Studio Solution File, Format Version 12.00
# Visual Studio 15
VisualStudioVersion = 15.0.27703.2042
MinimumVisualStudioVersion = 10.0.40219.1
Project("{FAE04EC0-301F-11D3-BF4B-00C04F79EFBC}") = "TimePunch", "TimePunch\TimePunch\TimePunch.csproj", "{22FFFCB3-B921-4B66-A633-CC8FDB319942}"
EndProject
Project("{FAE04EC0-301F-11D3-BF4B-00C04F79EFBC}") = "TimePunchDatabase", "TimePunchDatabase\TimePunchDatabase.csproj", "{6BDD16E4-45AE-4925-ACEE-6586263BC4BD}"
EndProject
Global
	GlobalSection(SolutionConfigurationPlatforms) = preSolution
		Debug|Any CPU = Debug|Any CPU
		Release|Any CPU = Release|Any CPU
	EndGlobalSection
	GlobalSection(ProjectConfigurationPlatforms) = postSolution
		{22FFFCB3-B921-4B66-A633-CC8FDB319942}.Debug|Any CPU.ActiveCfg = Debug|Any CPU
		{22FFFCB3-B921-4B66-A633-CC8FDB319942}.Debug|Any CPU.Build.0 = Debug|Any CPU
		{22FFFCB3-B921-4B66-A633-CC8FDB319942}.Release|Any CPU.ActiveCfg = Release|Any CPU
		{22FFFCB3-B921-4B66-A633-CC8FDB319942}.Release|Any CPU.Build.0 = Release|Any CPU
		{6BDD16E4-45AE-4925-ACEE-6586263BC4BD}.Debug|Any CPU.ActiveCfg = Debug|Any CPU
		{6BDD16E4-45AE-4925-ACEE-6586263BC4BD}.Debug|Any CPU.Build.0 = Debug|Any CPU
		{6BDD16E4-45AE-4925-ACEE-6586263BC4BD}.Release|Any CPU.ActiveCfg = Release|Any CPU
		{6BDD16E4-45AE-4925-ACEE-6586263BC4BD}.Release|Any CPU.Build.0 = Release|Any CPU
	EndGlobalSection
	GlobalSection(SolutionProperties) = preSolution
		HideSolutionNode = FALSE
	EndGlobalSection
	GlobalSection(ExtensibilityGlobals) = postSolution
		SolutionGuid = {9BCA86F3-01B0-4026-AB28-6500D02B9882}
	EndGlobalSection
EndGlobal
